
Microsoft Visual Studio Solution File, Format Version 12.00
# Visual Studio Version 16
VisualStudioVersion = 16.0.30406.217
MinimumVisualStudioVersion = 10.0.40219.1
Project("{9A19103F-16F7-4668-BE54-9A1E7A4F7556}") = "FreeSqlDemo", "FreeSqlDemo\FreeSqlDemo.csproj", "{106BD0D4-7568-45DE-B26F-F4639A993AC5}"
EndProject
Project("{2150E333-8FDC-42A3-9474-1A3956D46DE8}") = "Src", "Src", "{CB9028E1-7BFF-41E3-A68F-28DA75197DC5}"
EndProject
Project("{2150E333-8FDC-42A3-9474-1A3956D46DE8}") = "Client", "Client", "{9BABB466-D434-422A-AF6A-DF2F181A6F53}"
EndProject
Project("{2150E333-8FDC-42A3-9474-1A3956D46DE8}") = "Library", "Library", "{CB0C69FD-8262-4AC2-8D77-C776188E8013}"
EndProject
Project("{9A19103F-16F7-4668-BE54-9A1E7A4F7556}") = "Entity", "Entity\Entity.csproj", "{EA426D93-7E64-4AF0-8085-7FF60F88AC3A}"
EndProject
Project("{9A19103F-16F7-4668-BE54-9A1E7A4F7556}") = "Repository", "Repository\Repository.csproj", "{A2A4D1E9-DA25-4733-ADEF-129F3738CAC7}"
EndProject
Project("{9A19103F-16F7-4668-BE54-9A1E7A4F7556}") = "Core", "Core\Core.csproj", "{C901B9A7-081C-4E13-AA1F-442C3849B0D1}"
EndProject
Project("{9A19103F-16F7-4668-BE54-9A1E7A4F7556}") = "Resources", "Resources\Resources.csproj", "{14BCAB08-3B70-4350-9F85-0EF2679004CE}"
EndProject
Project("{2150E333-8FDC-42A3-9474-1A3956D46DE8}") = "Windows", "Windows", "{EC2EC44A-A470-4EE7-86F0-AD529A592B1E}"
EndProject
Project("{9A19103F-16F7-4668-BE54-9A1E7A4F7556}") = "Windows.Core", "Windows.Core\Windows.Core.csproj", "{D39E806C-2E46-4D26-A343-D6BCC0FF462E}"
EndProject
Project("{FAE04EC0-301F-11D3-BF4B-00C04F79EFBC}") = "Windows.Control", "Windows.Control\Windows.Control.csproj", "{2F795069-DA10-44DA-8BF0-24348D5D6738}"
EndProject
Global
	GlobalSection(SolutionConfigurationPlatforms) = preSolution
		Debug|Any CPU = Debug|Any CPU
		Release|Any CPU = Release|Any CPU
	EndGlobalSection
	GlobalSection(ProjectConfigurationPlatforms) = postSolution
		{106BD0D4-7568-45DE-B26F-F4639A993AC5}.Debug|Any CPU.ActiveCfg = Debug|Any CPU
		{106BD0D4-7568-45DE-B26F-F4639A993AC5}.Debug|Any CPU.Build.0 = Debug|Any CPU
		{106BD0D4-7568-45DE-B26F-F4639A993AC5}.Release|Any CPU.ActiveCfg = Release|Any CPU
		{106BD0D4-7568-45DE-B26F-F4639A993AC5}.Release|Any CPU.Build.0 = Release|Any CPU
		{EA426D93-7E64-4AF0-8085-7FF60F88AC3A}.Debug|Any CPU.ActiveCfg = Debug|Any CPU
		{EA426D93-7E64-4AF0-8085-7FF60F88AC3A}.Debug|Any CPU.Build.0 = Debug|Any CPU
		{EA426D93-7E64-4AF0-8085-7FF60F88AC3A}.Release|Any CPU.ActiveCfg = Release|Any CPU
		{EA426D93-7E64-4AF0-8085-7FF60F88AC3A}.Release|Any CPU.Build.0 = Release|Any CPU
		{A2A4D1E9-DA25-4733-ADEF-129F3738CAC7}.Debug|Any CPU.ActiveCfg = Debug|Any CPU
		{A2A4D1E9-DA25-4733-ADEF-129F3738CAC7}.Debug|Any CPU.Build.0 = Debug|Any CPU
		{A2A4D1E9-DA25-4733-ADEF-129F3738CAC7}.Release|Any CPU.ActiveCfg = Release|Any CPU
		{A2A4D1E9-DA25-4733-ADEF-129F3738CAC7}.Release|Any CPU.Build.0 = Release|Any CPU
		{C901B9A7-081C-4E13-AA1F-442C3849B0D1}.Debug|Any CPU.ActiveCfg = Debug|Any CPU
		{C901B9A7-081C-4E13-AA1F-442C3849B0D1}.Debug|Any CPU.Build.0 = Debug|Any CPU
		{C901B9A7-081C-4E13-AA1F-442C3849B0D1}.Release|Any CPU.ActiveCfg = Release|Any CPU
		{C901B9A7-081C-4E13-AA1F-442C3849B0D1}.Release|Any CPU.Build.0 = Release|Any CPU
		{14BCAB08-3B70-4350-9F85-0EF2679004CE}.Debug|Any CPU.ActiveCfg = Debug|Any CPU
		{14BCAB08-3B70-4350-9F85-0EF2679004CE}.Debug|Any CPU.Build.0 = Debug|Any CPU
		{14BCAB08-3B70-4350-9F85-0EF2679004CE}.Release|Any CPU.ActiveCfg = Release|Any CPU
		{14BCAB08-3B70-4350-9F85-0EF2679004CE}.Release|Any CPU.Build.0 = Release|Any CPU
		{D39E806C-2E46-4D26-A343-D6BCC0FF462E}.Debug|Any CPU.ActiveCfg = Debug|Any CPU
		{D39E806C-2E46-4D26-A343-D6BCC0FF462E}.Debug|Any CPU.Build.0 = Debug|Any CPU
		{D39E806C-2E46-4D26-A343-D6BCC0FF462E}.Release|Any CPU.ActiveCfg = Release|Any CPU
		{D39E806C-2E46-4D26-A343-D6BCC0FF462E}.Release|Any CPU.Build.0 = Release|Any CPU
		{2F795069-DA10-44DA-8BF0-24348D5D6738}.Debug|Any CPU.ActiveCfg = Debug|Any CPU
		{2F795069-DA10-44DA-8BF0-24348D5D6738}.Debug|Any CPU.Build.0 = Debug|Any CPU
		{2F795069-DA10-44DA-8BF0-24348D5D6738}.Release|Any CPU.ActiveCfg = Release|Any CPU
		{2F795069-DA10-44DA-8BF0-24348D5D6738}.Release|Any CPU.Build.0 = Release|Any CPU
	EndGlobalSection
	GlobalSection(SolutionProperties) = preSolution
		HideSolutionNode = FALSE
	EndGlobalSection
	GlobalSection(NestedProjects) = preSolution
		{106BD0D4-7568-45DE-B26F-F4639A993AC5} = {9BABB466-D434-422A-AF6A-DF2F181A6F53}
		{9BABB466-D434-422A-AF6A-DF2F181A6F53} = {CB9028E1-7BFF-41E3-A68F-28DA75197DC5}
		{CB0C69FD-8262-4AC2-8D77-C776188E8013} = {CB9028E1-7BFF-41E3-A68F-28DA75197DC5}
		{EA426D93-7E64-4AF0-8085-7FF60F88AC3A} = {CB0C69FD-8262-4AC2-8D77-C776188E8013}
		{A2A4D1E9-DA25-4733-ADEF-129F3738CAC7} = {CB0C69FD-8262-4AC2-8D77-C776188E8013}
		{C901B9A7-081C-4E13-AA1F-442C3849B0D1} = {CB0C69FD-8262-4AC2-8D77-C776188E8013}
		{14BCAB08-3B70-4350-9F85-0EF2679004CE} = {CB0C69FD-8262-4AC2-8D77-C776188E8013}
		{EC2EC44A-A470-4EE7-86F0-AD529A592B1E} = {CB9028E1-7BFF-41E3-A68F-28DA75197DC5}
		{D39E806C-2E46-4D26-A343-D6BCC0FF462E} = {EC2EC44A-A470-4EE7-86F0-AD529A592B1E}
		{2F795069-DA10-44DA-8BF0-24348D5D6738} = {EC2EC44A-A470-4EE7-86F0-AD529A592B1E}
	EndGlobalSection
	GlobalSection(ExtensibilityGlobals) = postSolution
		SolutionGuid = {65FBD7A2-5651-4A8C-A0D0-1DC88A1095BD}
	EndGlobalSection
EndGlobal
